{
    "_readme": [
        "This file locks the dependencies of your project to a known state",
        "Read more about it at https://getcomposer.org/doc/01-basic-usage.md#installing-dependencies",
        "This file is @generated automatically"
    ],
    "content-hash": "0388ac22c81743fd947c8ae3096f92f0",
    "packages": [
        {
            "name": "phpunit/php-token-stream",
            "version": "3.1.3",
            "source": {
                "type": "git",
                "url": "https://github.com/sebastianbergmann/php-token-stream.git",
                "reference": "9c1da83261628cb24b6a6df371b6e312b3954768"
            },
            "dist": {
                "type": "zip",
                "url": "https://api.github.com/repos/sebastianbergmann/php-token-stream/zipball/9c1da83261628cb24b6a6df371b6e312b3954768",
                "reference": "9c1da83261628cb24b6a6df371b6e312b3954768",
                "shasum": ""
            },
            "require": {
                "ext-tokenizer": "*",
                "php": ">=7.1"
            },
            "require-dev": {
                "phpunit/phpunit": "^7.0"
            },
            "type": "library",
            "extra": {
                "branch-alias": {
                    "dev-master": "3.1-dev"
                }
            },
            "autoload": {
                "classmap": [
                    "src/"
                ]
            },
            "notification-url": "https://packagist.org/downloads/",
            "license": [
                "BSD-3-Clause"
            ],
            "authors": [
                {
                    "name": "Sebastian Bergmann",
                    "email": "sebastian@phpunit.de"
                }
            ],
            "description": "Wrapper around PHP's tokenizer extension.",
            "homepage": "https://github.com/sebastianbergmann/php-token-stream/",
            "keywords": [
                "tokenizer"
            ],
            "support": {
                "issues": "https://github.com/sebastianbergmann/php-token-stream/issues",
                "source": "https://github.com/sebastianbergmann/php-token-stream/tree/3.1.3"
            },
            "funding": [
                {
                    "url": "https://github.com/sebastianbergmann",
                    "type": "github"
                }
            ],
            "abandoned": true,
            "time": "2021-07-26T12:15:06+00:00"
        }
    ],
    "packages-dev": [],
    "aliases": [],
    "minimum-stability": "stable",
    "stability-flags": [],
    "prefer-stable": false,
    "prefer-lowest": false,
    "platform": [],
    "platform-dev": [],
    "plugin-api-version": "2.1.0"
}
